{
  "name": "02.my-loader-loader-runner",
  "version": "1.0.0",
  "lockfileVersion": 2,
  "requires": true,
  "packages": {
    "": {
      "name": "02.my-loader-loader-runner",
      "version": "1.0.0",
      "license": "MIT",
      "dependencies": {
        "loader-runner": "^4.3.0"
      }
    },
    "node_modules/loader-runner": {
      "version": "4.3.0",
      "resolved": "https://registry.npmjs.org/loader-runner/-/loader-runner-4.3.0.tgz",
      "integrity": "sha512-3R/1M+yS3j5ou80Me59j7F9IMs4PXs3VqRrm0TU3AbKPxlmpoY1TNscJV/oGJXo8qCatFGTfDbY6W6ipGOYXfg==",
      "engines": {
        "node": ">=6.11.5"
      }
    }
  },
  "dependencies": {
    "loader-runner": {
      "version": "4.3.0",
      "resolved": "https://registry.npmjs.org/loader-runner/-/loader-runner-4.3.0.tgz",
      "integrity": "sha512-3R/1M+yS3j5ou80Me59j7F9IMs4PXs3VqRrm0TU3AbKPxlmpoY1TNscJV/oGJXo8qCatFGTfDbY6W6ipGOYXfg=="
    }
  }
}
